
Microsoft Visual Studio Solution File, Format Version 12.00
# Visual Studio 15
VisualStudioVersion = 15.0.26228.4
MinimumVisualStudioVersion = 10.0.40219.1
Project("{FAE04EC0-301F-11D3-BF4B-00C04F79EFBC}") = "Cocon90.Db.Mysql", "Cocon90.Db.Mysql\Cocon90.Db.Mysql.csproj", "{D735D1D8-1E3D-47BF-8C2F-5C055EDAA047}"
EndProject
Project("{FAE04EC0-301F-11D3-BF4B-00C04F79EFBC}") = "Cocon90.Db.Common", "Cocon90.Db.Common\Cocon90.Db.Common.csproj", "{DC5BE3FA-D29E-460A-9EE6-59E44EC3CDD6}"
EndProject
Project("{FAE04EC0-301F-11D3-BF4B-00C04F79EFBC}") = "Cocon90.Db.Demo", "Cocon90.Db.Demo\Cocon90.Db.Demo.csproj", "{03C937CB-8BB5-40A1-92C4-B54909B402C6}"
EndProject
Project("{FAE04EC0-301F-11D3-BF4B-00C04F79EFBC}") = "Cocon90.Db.SqlServer", "Cocon90.Db.SqlServer\Cocon90.Db.SqlServer.csproj", "{88DE23C4-2AE7-4EA0-92BA-ED60FEF461AA}"
EndProject
Project("{FAE04EC0-301F-11D3-BF4B-00C04F79EFBC}") = "Cocon90.Db.Sqlite", "Cocon90.Db.Sqlite\Cocon90.Db.Sqlite.csproj", "{2D8D45E6-C546-470F-966C-FD96EA36DB52}"
EndProject
Project("{2150E333-8FDC-42A3-9474-1A3956D46DE8}") = "NetFramework", "NetFramework", "{DB7C39DE-8600-4582-9D7F-0D837755CF2F}"
EndProject
Project("{2150E333-8FDC-42A3-9474-1A3956D46DE8}") = "NetCore", "NetCore", "{67EA2745-3444-4A12-966A-EE62A7C24945}"
EndProject
Project("{9A19103F-16F7-4668-BE54-9A1E7A4F7556}") = "Cocon90.Db.Common", "NetStandard\Cocon90.Db.Common\Cocon90.Db.Common.csproj", "{4B2C8808-EA87-4C2A-8F30-489F1A86C652}"
EndProject
Project("{9A19103F-16F7-4668-BE54-9A1E7A4F7556}") = "Cocon90.Db.Mysql", "NetStandard\Cocon90.Db.Mysql\Cocon90.Db.Mysql.csproj", "{003E9660-C1A7-4543-AB33-DA631AC226F3}"
EndProject
Project("{9A19103F-16F7-4668-BE54-9A1E7A4F7556}") = "Cocon90.Db.Sqlite", "NetStandard\Cocon90.Db.Sqlite\Cocon90.Db.Sqlite.csproj", "{0AAD71E4-3628-4018-84AC-7400775458FF}"
EndProject
Project("{9A19103F-16F7-4668-BE54-9A1E7A4F7556}") = "Cocon90.Db.SqlServer", "NetStandard\Cocon90.Db.SqlServer\Cocon90.Db.SqlServer.csproj", "{EE9D0C81-2647-4A98-93C5-A14DDA160A18}"
EndProject
Project("{9A19103F-16F7-4668-BE54-9A1E7A4F7556}") = "Cocon90.Db.XUnitTest", "NetStandard\Cocon90.Db.XUnitTest\Cocon90.Db.XUnitTest.csproj", "{748F2D08-7936-4139-A67F-44273A68A510}"
EndProject
Project("{2150E333-8FDC-42A3-9474-1A3956D46DE8}") = "Solution Items", "Solution Items", "{8E16DDFE-878C-4F11-B13C-1C5C191BCD33}"
	ProjectSection(SolutionItems) = preProject
		README.md = README.md
	EndProjectSection
EndProject
Project("{FAE04EC0-301F-11D3-BF4B-00C04F79EFBC}") = "Cocon90.Db.XUnitTest", "Cocon90.Db.XUnitTest\Cocon90.Db.XUnitTest.csproj", "{6CD05027-9A30-4D49-9F91-0C97A7037D89}"
EndProject
Global
	GlobalSection(SolutionConfigurationPlatforms) = preSolution
		Debug|Any CPU = Debug|Any CPU
		Release|Any CPU = Release|Any CPU
	EndGlobalSection
	GlobalSection(ProjectConfigurationPlatforms) = postSolution
		{D735D1D8-1E3D-47BF-8C2F-5C055EDAA047}.Debug|Any CPU.ActiveCfg = Debug|Any CPU
		{D735D1D8-1E3D-47BF-8C2F-5C055EDAA047}.Debug|Any CPU.Build.0 = Debug|Any CPU
		{D735D1D8-1E3D-47BF-8C2F-5C055EDAA047}.Release|Any CPU.ActiveCfg = Release|Any CPU
		{D735D1D8-1E3D-47BF-8C2F-5C055EDAA047}.Release|Any CPU.Build.0 = Release|Any CPU
		{DC5BE3FA-D29E-460A-9EE6-59E44EC3CDD6}.Debug|Any CPU.ActiveCfg = Debug|Any CPU
		{DC5BE3FA-D29E-460A-9EE6-59E44EC3CDD6}.Debug|Any CPU.Build.0 = Debug|Any CPU
		{DC5BE3FA-D29E-460A-9EE6-59E44EC3CDD6}.Release|Any CPU.ActiveCfg = Release|Any CPU
		{DC5BE3FA-D29E-460A-9EE6-59E44EC3CDD6}.Release|Any CPU.Build.0 = Release|Any CPU
		{03C937CB-8BB5-40A1-92C4-B54909B402C6}.Debug|Any CPU.ActiveCfg = Debug|Any CPU
		{03C937CB-8BB5-40A1-92C4-B54909B402C6}.Debug|Any CPU.Build.0 = Debug|Any CPU
		{03C937CB-8BB5-40A1-92C4-B54909B402C6}.Release|Any CPU.ActiveCfg = Release|Any CPU
		{03C937CB-8BB5-40A1-92C4-B54909B402C6}.Release|Any CPU.Build.0 = Release|Any CPU
		{88DE23C4-2AE7-4EA0-92BA-ED60FEF461AA}.Debug|Any CPU.ActiveCfg = Debug|Any CPU
		{88DE23C4-2AE7-4EA0-92BA-ED60FEF461AA}.Debug|Any CPU.Build.0 = Debug|Any CPU
		{88DE23C4-2AE7-4EA0-92BA-ED60FEF461AA}.Release|Any CPU.ActiveCfg = Release|Any CPU
		{88DE23C4-2AE7-4EA0-92BA-ED60FEF461AA}.Release|Any CPU.Build.0 = Release|Any CPU
		{2D8D45E6-C546-470F-966C-FD96EA36DB52}.Debug|Any CPU.ActiveCfg = Debug|Any CPU
		{2D8D45E6-C546-470F-966C-FD96EA36DB52}.Debug|Any CPU.Build.0 = Debug|Any CPU
		{2D8D45E6-C546-470F-966C-FD96EA36DB52}.Release|Any CPU.ActiveCfg = Release|Any CPU
		{2D8D45E6-C546-470F-966C-FD96EA36DB52}.Release|Any CPU.Build.0 = Release|Any CPU
		{4B2C8808-EA87-4C2A-8F30-489F1A86C652}.Debug|Any CPU.ActiveCfg = Debug|Any CPU
		{4B2C8808-EA87-4C2A-8F30-489F1A86C652}.Debug|Any CPU.Build.0 = Debug|Any CPU
		{4B2C8808-EA87-4C2A-8F30-489F1A86C652}.Release|Any CPU.ActiveCfg = Release|Any CPU
		{4B2C8808-EA87-4C2A-8F30-489F1A86C652}.Release|Any CPU.Build.0 = Release|Any CPU
		{003E9660-C1A7-4543-AB33-DA631AC226F3}.Debug|Any CPU.ActiveCfg = Debug|Any CPU
		{003E9660-C1A7-4543-AB33-DA631AC226F3}.Debug|Any CPU.Build.0 = Debug|Any CPU
		{003E9660-C1A7-4543-AB33-DA631AC226F3}.Release|Any CPU.ActiveCfg = Release|Any CPU
		{003E9660-C1A7-4543-AB33-DA631AC226F3}.Release|Any CPU.Build.0 = Release|Any CPU
		{0AAD71E4-3628-4018-84AC-7400775458FF}.Debug|Any CPU.ActiveCfg = Debug|Any CPU
		{0AAD71E4-3628-4018-84AC-7400775458FF}.Debug|Any CPU.Build.0 = Debug|Any CPU
		{0AAD71E4-3628-4018-84AC-7400775458FF}.Release|Any CPU.ActiveCfg = Release|Any CPU
		{0AAD71E4-3628-4018-84AC-7400775458FF}.Release|Any CPU.Build.0 = Release|Any CPU
		{EE9D0C81-2647-4A98-93C5-A14DDA160A18}.Debug|Any CPU.ActiveCfg = Debug|Any CPU
		{EE9D0C81-2647-4A98-93C5-A14DDA160A18}.Debug|Any CPU.Build.0 = Debug|Any CPU
		{EE9D0C81-2647-4A98-93C5-A14DDA160A18}.Release|Any CPU.ActiveCfg = Release|Any CPU
		{EE9D0C81-2647-4A98-93C5-A14DDA160A18}.Release|Any CPU.Build.0 = Release|Any CPU
		{748F2D08-7936-4139-A67F-44273A68A510}.Debug|Any CPU.ActiveCfg = Debug|Any CPU
		{748F2D08-7936-4139-A67F-44273A68A510}.Debug|Any CPU.Build.0 = Debug|Any CPU
		{748F2D08-7936-4139-A67F-44273A68A510}.Release|Any CPU.ActiveCfg = Release|Any CPU
		{748F2D08-7936-4139-A67F-44273A68A510}.Release|Any CPU.Build.0 = Release|Any CPU
		{6CD05027-9A30-4D49-9F91-0C97A7037D89}.Debug|Any CPU.ActiveCfg = Debug|Any CPU
		{6CD05027-9A30-4D49-9F91-0C97A7037D89}.Debug|Any CPU.Build.0 = Debug|Any CPU
		{6CD05027-9A30-4D49-9F91-0C97A7037D89}.Release|Any CPU.ActiveCfg = Release|Any CPU
		{6CD05027-9A30-4D49-9F91-0C97A7037D89}.Release|Any CPU.Build.0 = Release|Any CPU
	EndGlobalSection
	GlobalSection(SolutionProperties) = preSolution
		HideSolutionNode = FALSE
	EndGlobalSection
	GlobalSection(NestedProjects) = preSolution
		{D735D1D8-1E3D-47BF-8C2F-5C055EDAA047} = {DB7C39DE-8600-4582-9D7F-0D837755CF2F}
		{DC5BE3FA-D29E-460A-9EE6-59E44EC3CDD6} = {DB7C39DE-8600-4582-9D7F-0D837755CF2F}
		{03C937CB-8BB5-40A1-92C4-B54909B402C6} = {DB7C39DE-8600-4582-9D7F-0D837755CF2F}
		{88DE23C4-2AE7-4EA0-92BA-ED60FEF461AA} = {DB7C39DE-8600-4582-9D7F-0D837755CF2F}
		{2D8D45E6-C546-470F-966C-FD96EA36DB52} = {DB7C39DE-8600-4582-9D7F-0D837755CF2F}
		{4B2C8808-EA87-4C2A-8F30-489F1A86C652} = {67EA2745-3444-4A12-966A-EE62A7C24945}
		{003E9660-C1A7-4543-AB33-DA631AC226F3} = {67EA2745-3444-4A12-966A-EE62A7C24945}
		{0AAD71E4-3628-4018-84AC-7400775458FF} = {67EA2745-3444-4A12-966A-EE62A7C24945}
		{EE9D0C81-2647-4A98-93C5-A14DDA160A18} = {67EA2745-3444-4A12-966A-EE62A7C24945}
		{748F2D08-7936-4139-A67F-44273A68A510} = {67EA2745-3444-4A12-966A-EE62A7C24945}
		{6CD05027-9A30-4D49-9F91-0C97A7037D89} = {DB7C39DE-8600-4582-9D7F-0D837755CF2F}
	EndGlobalSection
EndGlobal
